// !$*UTF8*$!
{
	archiveVersion = 1;
	classes = {
	};
	objectVersion = 46;
	objects = {

/* Begin PBXBuildFile section */
		D28D7F431B09BC9E00BDE6DA /* main.m in Sources */ = {isa = PBXBuildFile; fileRef = D28D7F421B09BC9E00BDE6DA /* main.m */; };
		D28D7F461B09BCA000BDE6DA /* AppDelegate.m in Sources */ = {isa = PBXBuildFile; fileRef = D28D7F451B09BCA000BDE6DA /* AppDelegate.m */; };
		D28D7F491B09BCA100BDE6DA /* ViewController.m in Sources */ = {isa = PBXBuildFile; fileRef = D28D7F481B09BCA100BDE6DA /* ViewController.m */; };
		D28D7F4C1B09BCA200BDE6DA /* Main.storyboard in Resources */ = {isa = PBXBuildFile; fileRef = D28D7F4A1B09BCA200BDE6DA /* Main.storyboard */; };
		D28D7F4E1B09BCA300BDE6DA /* Images.xcassets in Resources */ = {isa = PBXBuildFile; fileRef = D28D7F4D1B09BCA300BDE6DA /* Images.xcassets */; };
		D28D7F511B09BCA400BDE6DA /* LaunchScreen.xib in Resources */ = {isa = PBXBuildFile; fileRef = D28D7F4F1B09BCA400BDE6DA /* LaunchScreen.xib */; };
		D28D7F5D1B09BCA500BDE6DA /* TestRepositoryDemoTests.m in Sources */ = {isa = PBXBuildFile; fileRef = D28D7F5C1B09BCA500BDE6DA /* TestRepositoryDemoTests.m */; };
/* End PBXBuildFile section */

/* Begin PBXContainerItemProxy section */
		D28D7F571B09BCA500BDE6DA /* PBXContainerItemProxy */ = {
			isa = PBXContainerItemProxy;
			containerPortal = D28D7F351B09BC9E00BDE6DA /* Project object */;
			proxyType = 1;
			remoteGlobalIDString = D28D7F3C1B09BC9E00BDE6DA;
			remoteInfo = TestRepositoryDemo;
		};
/* End PBXContainerItemProxy section */

/* Begin PBXFileReference section */
		D28D7F3D1B09BC9E00BDE6DA /* TestRepositoryDemo.app */ = {isa = PBXFileReference; explicitFileType = wrapper.application; includeInIndex = 0; path = TestRepositoryDemo.app; sourceTree = BUILT_PRODUCTS_DIR; };
		D28D7F411B09BC9E00BDE6DA /* Info.plist */ = {isa = PBXFileReference; lastKnownFileType = text.plist.xml; path = Info.plist; sourceTree = "<group>"; };
		D28D7F421B09BC9E00BDE6DA /* main.m */ = {isa = PBXFileReference; lastKnownFileType = sourcecode.c.objc; path = main.m; sourceTree = "<group>"; };
		D28D7F441B09BC9F00BDE6DA /* AppDelegate.h */ = {isa = PBXFileReference; lastKnownFileType = sourcecode.c.h; path = AppDelegate.h; sourceTree = "<group>"; };
		D28D7F451B09BCA000BDE6DA /* AppDelegate.m */ = {isa = PBXFileReference; lastKnownFileType = sourcecode.c.objc; path = AppDelegate.m; sourceTree = "<group>"; };
		D28D7F471B09BCA100BDE6DA /* ViewController.h */ = {isa = PBXFileReference; lastKnownFileType = sourcecode.c.h; path = ViewController.h; sourceTree = "<group>"; };
		D28D7F481B09BCA100BDE6DA /* ViewController.m */ = {isa = PBXFileReference; lastKnownFileType = sourcecode.c.objc; path = ViewController.m; sourceTree = "<group>"; };
		D28D7F4B1B09BCA200BDE6DA /* Base */ = {isa = PBXFileReference; lastKnownFileType = file.storyboard; name = Base; path = Base.lproj/Main.storyboard; sourceTree = "<group>"; };
		D28D7F4D1B09BCA300BDE6DA /* Images.xcassets */ = {isa = PBXFileReference; lastKnownFileType = folder.assetcatalog; path = Images.xcassets; sourceTree = "<group>"; };
		D28D7F501B09BCA400BDE6DA /* Base */ = {isa = PBXFileReference; lastKnownFileType = file.xib; name = Base; path = Base.lproj/LaunchScreen.xib; sourceTree = "<group>"; };
		D28D7F561B09BCA500BDE6DA /* TestRepositoryDemoTests.xctest */ = {isa = PBXFileReference; explicitFileType = wrapper.cfbundle; includeInIndex = 0; path = TestRepositoryDemoTests.xctest; sourceTree = BUILT_PRODUCTS_DIR; };
		D28D7F5B1B09BCA500BDE6DA /* Info.plist */ = {isa = PBXFileReference; lastKnownFileType = text.plist.xml; path = Info.plist; sourceTree = "<group>"; };
		D28D7F5C1B09BCA500BDE6DA /* TestRepositoryDemoTests.m */ = {isa = PBXFileReference; lastKnownFileType = sourcecode.c.objc; path = TestRepositoryDemoTests.m; sourceTree = "<group>"; };
/* End PBXFileReference section */

/* Begin PBXFrameworksBuildPhase section */
		D28D7F3A1B09BC9E00BDE6DA /* Frameworks */ = {
			isa = PBXFrameworksBuildPhase;
			buildActionMask = 2147483647;
			files = (
			);
			runOnlyForDeploymentPostprocessing = 0;
		};
		D28D7F531B09BCA500BDE6DA /* Frameworks */ = {
			isa = PBXFrameworksBuildPhase;
			buildActionMask = 2147483647;
			files = (
			);
			runOnlyForDeploymentPostprocessing = 0;
		};
/* End PBXFrameworksBuildPhase section */

/* Begin PBXGroup section */
		D28D7F341B09BC9E00BDE6DA = {
			isa = PBXGroup;
			children = (
				D28D7F3F1B09BC9E00BDE6DA /* TestRepositoryDemo */,
				D28D7F591B09BCA500BDE6DA /* TestRepositoryDemoTests */,
				D28D7F3E1B09BC9E00BDE6DA /* Products */,
			);
			sourceTree = "<group>";
		};
		D28D7F3E1B09BC9E00BDE6DA /* Products */ = {
			isa = PBXGroup;
			children = (
				D28D7F3D1B09BC9E00BDE6DA /* TestRepositoryDemo.app */,
				D28D7F561B09BCA500BDE6DA /* TestRepositoryDemoTests.xctest */,
			);
			name = Products;
			sourceTree = "<group>";
		};
		D28D7F3F1B09BC9E00BDE6DA /* TestRepositoryDemo */ = {
			isa = PBXGroup;
			children = (
				D28D7F441B09BC9F00BDE6DA /* AppDelegate.h */,
				D28D7F451B09BCA000BDE6DA /* AppDelegate.m */,
				D28D7F471B09BCA100BDE6DA /* ViewController.h */,
				D28D7F481B09BCA100BDE6DA /* ViewController.m */,
				D28D7F4A1B09BCA200BDE6DA /* Main.storyboard */,
				D28D7F4D1B09BCA300BDE6DA /* Images.xcassets */,
				D28D7F4F1B09BCA400BDE6DA /* LaunchScreen.xib */,
				D28D7F401B09BC9E00BDE6DA /* Supporting Files */,
			);
			path = TestRepositoryDemo;
			sourceTree = "<group>";
		};
		D28D7F401B09BC9E00BDE6DA /* Supporting Files */ = {
			isa = PBXGroup;
			children = (
				D28D7F411B09BC9E00BDE6DA /* Info.plist */,
				D28D7F421B09BC9E00BDE6DA /* main.m */,
			);
			name = "Supporting Files";
			sourceTree = "<group>";
		};
		D28D7F591B09BCA500BDE6DA /* TestRepositoryDemoTests */ = {
			isa = PBXGroup;
			children = (
				D28D7F5C1B09BCA500BDE6DA /* TestRepositoryDemoTests.m */,
				D28D7F5A1B09BCA500BDE6DA /* Supporting Files */,
			);
			path = TestRepositoryDemoTests;
			sourceTree = "<group>";
		};
		D28D7F5A1B09BCA500BDE6DA /* Supporting Files */ = {
			isa = PBXGroup;
			children = (
				D28D7F5B1B09BCA500BDE6DA /* Info.plist */,
			);
			name = "Supporting Files";
			sourceTree = "<group>";
		};
/* End PBXGroup section */

/* Begin PBXNativeTarget section */
		D28D7F3C1B09BC9E00BDE6DA /* TestRepositoryDemo */ = {
			isa = PBXNativeTarget;
			buildConfigurationList = D28D7F601B09BCA500BDE6DA /* Build configuration list for PBXNativeTarget "TestRepositoryDemo" */;
			buildPhases = (
				D28D7F391B09BC9E00BDE6DA /* Sources */,
				D28D7F3A1B09BC9E00BDE6DA /* Frameworks */,
				D28D7F3B1B09BC9E00BDE6DA /* Resources */,
			);
			buildRules = (
			);
			dependencies = (
			);
			name = TestRepositoryDemo;
			productName = TestRepositoryDemo;
			productReference = D28D7F3D1B09BC9E00BDE6DA /* TestRepositoryDemo.app */;
			productType = "com.apple.product-type.application";
		};
		D28D7F551B09BCA500BDE6DA /* TestRepositoryDemoTests */ = {
			isa = PBXNativeTarget;
			buildConfigurationList = D28D7F631B09BCA500BDE6DA /* Build configuration list for PBXNativeTarget "TestRepositoryDemoTests" */;
			buildPhases = (
				D28D7F521B09BCA500BDE6DA /* Sources */,
				D28D7F531B09BCA500BDE6DA /* Frameworks */,
				D28D7F541B09BCA500BDE6DA /* Resources */,
			);
			buildRules = (
			);
			dependencies = (
				D28D7F581B09BCA500BDE6DA /* PBXTargetDependency */,
			);
			name = TestRepositoryDemoTests;
			productName = TestRepositoryDemoTests;
			productReference = D28D7F561B09BCA500BDE6DA /* TestRepositoryDemoTests.xctest */;
			productType = "com.apple.product-type.bundle.unit-test";
		};
/* End PBXNativeTarget section */

/* Begin PBXProject section */
		D28D7F351B09BC9E00BDE6DA /* Project object */ = {
			isa = PBXProject;
			attributes = {
				LastUpgradeCheck = 0630;
				ORGANIZATIONNAME = gothic;
				TargetAttributes = {
					D28D7F3C1B09BC9E00BDE6DA = {
						CreatedOnToolsVersion = 6.3.1;
					};
					D28D7F551B09BCA500BDE6DA = {
						CreatedOnToolsVersion = 6.3.1;
						TestTargetID = D28D7F3C1B09BC9E00BDE6DA;
					};
				};
			};
			buildConfigurationList = D28D7F381B09BC9E00BDE6DA /* Build configuration list for PBXProject "TestRepositoryDemo" */;
			compatibilityVersion = "Xcode 3.2";
			developmentRegion = English;
			hasScannedForEncodings = 0;
			knownRegions = (
				en,
				Base,
			);
			mainGroup = D28D7F341B09BC9E00BDE6DA;
			productRefGroup = D28D7F3E1B09BC9E00BDE6DA /* Products */;
			projectDirPath = "";
			projectRoot = "";
			targets = (
				D28D7F3C1B09BC9E00BDE6DA /* TestRepositoryDemo */,
				D28D7F551B09BCA500BDE6DA /* TestRepositoryDemoTests */,
			);
		};
/* End PBXProject section */

/* Begin PBXResourcesBuildPhase section */
		D28D7F3B1B09BC9E00BDE6DA /* Resources */ = {
			isa = PBXResourcesBuildPhase;
			buildActionMask = 2147483647;
			files = (
				D28D7F4C1B09BCA200BDE6DA /* Main.storyboard in Resources */,
				D28D7F511B09BCA400BDE6DA /* LaunchScreen.xib in Resources */,
				D28D7F4E1B09BCA300BDE6DA /* Images.xcassets in Resources */,
			);
			runOnlyForDeploymentPostprocessing = 0;
		};
		D28D7F541B09BCA500BDE6DA /* Resources */ = {
			isa = PBXResourcesBuildPhase;
			buildActionMask = 2147483647;
			files = (
			);
			runOnlyForDeploymentPostprocessing = 0;
		};
/* End PBXResourcesBuildPhase section */

/* Begin PBXSourcesBuildPhase section */
		D28D7F391B09BC9E00BDE6DA /* Sources */ = {
			isa = PBXSourcesBuildPhase;
			buildActionMask = 2147483647;
			files = (
				D28D7F491B09BCA100BDE6DA /* ViewController.m in Sources */,
				D28D7F461B09BCA000BDE6DA /* AppDelegate.m in Sources */,
				D28D7F431B09BC9E00BDE6DA /* main.m in Sources */,
			);
			runOnlyForDeploymentPostprocessing = 0;
		};
		D28D7F521B09BCA500BDE6DA /* Sources */ = {
			isa = PBXSourcesBuildPhase;
			buildActionMask = 2147483647;
			files = (
				D28D7F5D1B09BCA500BDE6DA /* TestRepositoryDemoTests.m in Sources */,
			);
			runOnlyForDeploymentPostprocessing = 0;
		};
/* End PBXSourcesBuildPhase section */

/* Begin PBXTargetDependency section */
		D28D7F581B09BCA500BDE6DA /* PBXTargetDependency */ = {
			isa = PBXTargetDependency;
			target = D28D7F3C1B09BC9E00BDE6DA /* TestRepositoryDemo */;
			targetProxy = D28D7F571B09BCA500BDE6DA /* PBXContainerItemProxy */;
		};
/* End PBXTargetDependency section */

/* Begin PBXVariantGroup section */
		D28D7F4A1B09BCA200BDE6DA /* Main.storyboard */ = {
			isa = PBXVariantGroup;
			children = (
				D28D7F4B1B09BCA200BDE6DA /* Base */,
			);
			name = Main.storyboard;
			sourceTree = "<group>";
		};
		D28D7F4F1B09BCA400BDE6DA /* LaunchScreen.xib */ = {
			isa = PBXVariantGroup;
			children = (
				D28D7F501B09BCA400BDE6DA /* Base */,
			);
			name = LaunchScreen.xib;
			sourceTree = "<group>";
		};
/* End PBXVariantGroup section */

/* Begin XCBuildConfiguration section */
		D28D7F5E1B09BCA500BDE6DA /* Debug */ = {
			isa = XCBuildConfiguration;
			buildSettings = {
				ALWAYS_SEARCH_USER_PATHS = NO;
				CLANG_CXX_LANGUAGE_STANDARD = "gnu++0x";
				CLANG_CXX_LIBRARY = "libc++";
				CLANG_ENABLE_MODULES = YES;
				CLANG_ENABLE_OBJC_ARC = YES;
				CLANG_WARN_BOOL_CONVERSION = YES;
				CLANG_WARN_CONSTANT_CONVERSION = YES;
				CLANG_WARN_DIRECT_OBJC_ISA_USAGE = YES_ERROR;
				CLANG_WARN_EMPTY_BODY = YES;
				CLANG_WARN_ENUM_CONVERSION = YES;
				CLANG_WARN_INT_CONVERSION = YES;
				CLANG_WARN_OBJC_ROOT_CLASS = YES_ERROR;
				CLANG_WARN_UNREACHABLE_CODE = YES;
				CLANG_WARN__DUPLICATE_METHOD_MATCH = YES;
				"CODE_SIGN_IDENTITY[sdk=iphoneos*]" = "iPhone Developer";
				COPY_PHASE_STRIP = NO;
				DEBUG_INFORMATION_FORMAT = "dwarf-with-dsym";
				ENABLE_STRICT_OBJC_MSGSEND = YES;
				GCC_C_LANGUAGE_STANDARD = gnu99;
				GCC_DYNAMIC_NO_PIC = NO;
				GCC_NO_COMMON_BLOCKS = YES;
				GCC_OPTIMIZATION_LEVEL = 0;
				GCC_PREPROCESSOR_DEFINITIONS = (
					"DEBUG=1",
					"$(inherited)",
				);
				GCC_SYMBOLS_PRIVATE_EXTERN = NO;
				GCC_WARN_64_TO_32_BIT_CONVERSION = YES;
				GCC_WARN_ABOUT_RETURN_TYPE = YES_ERROR;
				GCC_WARN_UNDECLARED_SELECTOR = YES;
				GCC_WARN_UNINITIALIZED_AUTOS = YES_AGGRESSIVE;
				GCC_WARN_UNUSED_FUNCTION = YES;
				GCC_WARN_UNUSED_VARIABLE = YES;
				IPHONEOS_DEPLOYMENT_TARGET = 8.3;
				MTL_ENABLE_DEBUG_INFO = YES;
				ONLY_ACTIVE_ARCH = YES;
				SDKROOT = iphoneos;
			};
			name = Debug;
		};
		D28D7F5F1B09BCA500BDE6DA /* Release */ = {
			isa = XCBuildConfiguration;
			buildSettings = {
				ALWAYS_SEARCH_USER_PATHS = NO;
				CLANG_CXX_LANGUAGE_STANDARD = "gnu++0x";
				CLANG_CXX_LIBRARY = "libc++";
				CLANG_ENABLE_MODULES = YES;
				CLANG_ENABLE_OBJC_ARC = YES;
				CLANG_WARN_BOOL_CONVERSION = YES;
				CLANG_WARN_CONSTANT_CONVERSION = YES;
				CLANG_WARN_DIRECT_OBJC_ISA_USAGE = YES_ERROR;
				CLANG_WARN_EMPTY_BODY = YES;
				CLANG_WARN_ENUM_CONVERSION = YES;
				CLANG_WARN_INT_CONVERSION = YES;
				CLANG_WARN_OBJC_ROOT_CLASS = YES_ERROR;
				CLANG_WARN_UNREACHABLE_CODE = YES;
				CLANG_WARN__DUPLICATE_METHOD_MATCH = YES;
				"CODE_SIGN_IDENTITY[sdk=iphoneos*]" = "iPhone Developer";
				COPY_PHASE_STRIP = NO;
				DEBUG_INFORMATION_FORMAT = "dwarf-with-dsym";
				ENABLE_NS_ASSERTIONS = NO;
				ENABLE_STRICT_OBJC_MSGSEND = YES;
				GCC_C_LANGUAGE_STANDARD = gnu99;
				GCC_NO_COMMON_BLOCKS = YES;
				GCC_WARN_64_TO_32_BIT_CONVERSION = YES;
				GCC_WARN_ABOUT_RETURN_TYPE = YES_ERROR;
				GCC_WARN_UNDECLARED_SELECTOR = YES;
				GCC_WARN_UNINITIALIZED_AUTOS = YES_AGGRESSIVE;
				GCC_WARN_UNUSED_FUNCTION = YES;
				GCC_WARN_UNUSED_VARIABLE = YES;
				IPHONEOS_DEPLOYMENT_TARGET = 8.3;
				MTL_ENABLE_DEBUG_INFO = NO;
				SDKROOT = iphoneos;
				VALIDATE_PRODUCT = YES;
			};
			name = Release;
		};
		D28D7F611B09BCA500BDE6DA /* Debug */ = {
			isa = XCBuildConfiguration;
			buildSettings = {
				ASSETCATALOG_COMPILER_APPICON_NAME = AppIcon;
				INFOPLIST_FILE = TestRepositoryDemo/Info.plist;
				LD_RUNPATH_SEARCH_PATHS = "$(inherited) @executable_path/Frameworks";
				PRODUCT_NAME = "$(TARGET_NAME)";
			};
			name = Debug;
		};
		D28D7F621B09BCA500BDE6DA /* Release */ = {
			isa = XCBuildConfiguration;
			buildSettings = {
				ASSETCATALOG_COMPILER_APPICON_NAME = AppIcon;
				INFOPLIST_FILE = TestRepositoryDemo/Info.plist;
				LD_RUNPATH_SEARCH_PATHS = "$(inherited) @executable_path/Frameworks";
				PRODUCT_NAME = "$(TARGET_NAME)";
			};
			name = Release;
		};
		D28D7F641B09BCA500BDE6DA /* Debug */ = {
			isa = XCBuildConfiguration;
			buildSettings = {
				BUNDLE_LOADER = "$(TEST_HOST)";
				FRAMEWORK_SEARCH_PATHS = (
					"$(SDKROOT)/Developer/Library/Frameworks",
					"$(inherited)",
				);
				GCC_PREPROCESSOR_DEFINITIONS = (
					"DEBUG=1",
					"$(inherited)",
				);
				INFOPLIST_FILE = TestRepositoryDemoTests/Info.plist;
				LD_RUNPATH_SEARCH_PATHS = "$(inherited) @executable_path/Frameworks @loader_path/Frameworks";
				PRODUCT_NAME = "$(TARGET_NAME)";
				TEST_HOST = "$(BUILT_PRODUCTS_DIR)/TestRepositoryDemo.app/TestRepositoryDemo";
			};
			name = Debug;
		};
		D28D7F651B09BCA500BDE6DA /* Release */ = {
			isa = XCBuildConfiguration;
			buildSettings = {
				BUNDLE_LOADER = "$(TEST_HOST)";
				FRAMEWORK_SEARCH_PATHS = (
					"$(SDKROOT)/Developer/Library/Frameworks",
					"$(inherited)",
				);
				INFOPLIST_FILE = TestRepositoryDemoTests/Info.plist;
				LD_RUNPATH_SEARCH_PATHS = "$(inherited) @executable_path/Frameworks @loader_path/Frameworks";
				PRODUCT_NAME = "$(TARGET_NAME)";
				TEST_HOST = "$(BUILT_PRODUCTS_DIR)/TestRepositoryDemo.app/TestRepositoryDemo";
			};
			name = Release;
		};
/* End XCBuildConfiguration section */

/* Begin XCConfigurationList section */
		D28D7F381B09BC9E00BDE6DA /* Build configuration list for PBXProject "TestRepositoryDemo" */ = {
			isa = XCConfigurationList;
			buildConfigurations = (
				D28D7F5E1B09BCA500BDE6DA /* Debug */,
				D28D7F5F1B09BCA500BDE6DA /* Release */,
			);
			defaultConfigurationIsVisible = 0;
			defaultConfigurationName = Release;
		};
		D28D7F601B09BCA500BDE6DA /* Build configuration list for PBXNativeTarget "TestRepositoryDemo" */ = {
			isa = XCConfigurationList;
			buildConfigurations = (
				D28D7F611B09BCA500BDE6DA /* Debug */,
				D28D7F621B09BCA500BDE6DA /* Release */,
			);
			defaultConfigurationIsVisible = 0;
		};
		D28D7F631B09BCA500BDE6DA /* Build configuration list for PBXNativeTarget "TestRepositoryDemoTests" */ = {
			isa = XCConfigurationList;
			buildConfigurations = (
				D28D7F641B09BCA500BDE6DA /* Debug */,
				D28D7F651B09BCA500BDE6DA /* Release */,
			);
			defaultConfigurationIsVisible = 0;
		};
/* End XCConfigurationList section */
	};
	rootObject = D28D7F351B09BC9E00BDE6DA /* Project object */;
}
